// !$*UTF8*$!
{
	archiveVersion = 1;
	classes = {
	};
	objectVersion = 46;
	objects = {

/* Begin PBXBuildFile section */
		496DE0041B6AF57B00B88918 /* main.c in Sources */ = {isa = PBXBuildFile; fileRef = 496DE0031B6AF57B00B88918 /* main.c */; };
/* End PBXBuildFile section */

/* Begin PBXCopyFilesBuildPhase section */
		496DDFFE1B6AF57B00B88918 /* CopyFiles */ = {
			isa = PBXCopyFilesBuildPhase;
			buildActionMask = 2147483647;
			dstPath = /usr/share/man/man1/;
			dstSubfolderSpec = 0;
			files = (
			);
			runOnlyForDeploymentPostprocessing = 1;
		};
/* End PBXCopyFilesBuildPhase section */

/* Begin PBXFileReference section */
		496DE0001B6AF57B00B88918 /* mystyleshoppingsystem */ = {isa = PBXFileReference; explicitFileType = "compiled.mach-o.executable"; includeInIndex = 0; path = mystyleshoppingsystem; sourceTree = BUILT_PRODUCTS_DIR; };
		496DE0031B6AF57B00B88918 /* main.c */ = {isa = PBXFileReference; lastKnownFileType = sourcecode.c.c; path = main.c; sourceTree = "<group>"; };
/* End PBXFileReference section */

/* Begin PBXFrameworksBuildPhase section */
		496DDFFD1B6AF57B00B88918 /* Frameworks */ = {
			isa = PBXFrameworksBuildPhase;
			buildActionMask = 2147483647;
			files = (
			);
			runOnlyForDeploymentPostprocessing = 0;
		};
/* End PBXFrameworksBuildPhase section */

/* Begin PBXGroup section */
		496DDFF71B6AF57B00B88918 = {
			isa = PBXGroup;
			children = (
				496DE0021B6AF57B00B88918 /* mystyleshoppingsystem */,
				496DE0011B6AF57B00B88918 /* Products */,
			);
			sourceTree = "<group>";
		};
		496DE0011B6AF57B00B88918 /* Products */ = {
			isa = PBXGroup;
			children = (
				496DE0001B6AF57B00B88918 /* mystyleshoppingsystem */,
			);
			name = Products;
			sourceTree = "<group>";
		};
		496DE0021B6AF57B00B88918 /* mystyleshoppingsystem */ = {
			isa = PBXGroup;
			children = (
				496DE0031B6AF57B00B88918 /* main.c */,
			);
			path = mystyleshoppingsystem;
			sourceTree = "<group>";
		};
/* End PBXGroup section */

/* Begin PBXNativeTarget section */
		496DDFFF1B6AF57B00B88918 /* mystyleshoppingsystem */ = {
			isa = PBXNativeTarget;
			buildConfigurationList = 496DE0071B6AF57B00B88918 /* Build configuration list for PBXNativeTarget "mystyleshoppingsystem" */;
			buildPhases = (
				496DDFFC1B6AF57B00B88918 /* Sources */,
				496DDFFD1B6AF57B00B88918 /* Frameworks */,
				496DDFFE1B6AF57B00B88918 /* CopyFiles */,
			);
			buildRules = (
			);
			dependencies = (
			);
			name = mystyleshoppingsystem;
			productName = mystyleshoppingsystem;
			productReference = 496DE0001B6AF57B00B88918 /* mystyleshoppingsystem */;
			productType = "com.apple.product-type.tool";
		};
/* End PBXNativeTarget section */

/* Begin PBXProject section */
		496DDFF81B6AF57B00B88918 /* Project object */ = {
			isa = PBXProject;
			attributes = {
				LastUpgradeCheck = 0630;
				ORGANIZATIONNAME = "中软mini025";
				TargetAttributes = {
					496DDFFF1B6AF57B00B88918 = {
						CreatedOnToolsVersion = 6.3;
					};
				};
			};
			buildConfigurationList = 496DDFFB1B6AF57B00B88918 /* Build configuration list for PBXProject "mystyleshoppingsystem" */;
			compatibilityVersion = "Xcode 3.2";
			developmentRegion = English;
			hasScannedForEncodings = 0;
			knownRegions = (
				en,
			);
			mainGroup = 496DDFF71B6AF57B00B88918;
			productRefGroup = 496DE0011B6AF57B00B88918 /* Products */;
			projectDirPath = "";
			projectRoot = "";
			targets = (
				496DDFFF1B6AF57B00B88918 /* mystyleshoppingsystem */,
			);
		};
/* End PBXProject section */

/* Begin PBXSourcesBuildPhase section */
		496DDFFC1B6AF57B00B88918 /* Sources */ = {
			isa = PBXSourcesBuildPhase;
			buildActionMask = 2147483647;
			files = (
				496DE0041B6AF57B00B88918 /* main.c in Sources */,
			);
			runOnlyForDeploymentPostprocessing = 0;
		};
/* End PBXSourcesBuildPhase section */

/* Begin XCBuildConfiguration section */
		496DE0051B6AF57B00B88918 /* Debug */ = {
			isa = XCBuildConfiguration;
			buildSettings = {
				ALWAYS_SEARCH_USER_PATHS = NO;
				CLANG_CXX_LANGUAGE_STANDARD = "gnu++0x";
				CLANG_CXX_LIBRARY = "libc++";
				CLANG_ENABLE_MODULES = YES;
				CLANG_ENABLE_OBJC_ARC = YES;
				CLANG_WARN_BOOL_CONVERSION = YES;
				CLANG_WARN_CONSTANT_CONVERSION = YES;
				CLANG_WARN_DIRECT_OBJC_ISA_USAGE = YES_ERROR;
				CLANG_WARN_EMPTY_BODY = YES;
				CLANG_WARN_ENUM_CONVERSION = YES;
				CLANG_WARN_INT_CONVERSION = YES;
				CLANG_WARN_OBJC_ROOT_CLASS = YES_ERROR;
				CLANG_WARN_UNREACHABLE_CODE = YES;
				CLANG_WARN__DUPLICATE_METHOD_MATCH = YES;
				COPY_PHASE_STRIP = NO;
				DEBUG_INFORMATION_FORMAT = dwarf;
				ENABLE_STRICT_OBJC_MSGSEND = YES;
				GCC_C_LANGUAGE_STANDARD = gnu99;
				GCC_DYNAMIC_NO_PIC = NO;
				GCC_NO_COMMON_BLOCKS = YES;
				GCC_OPTIMIZATION_LEVEL = 0;
				GCC_PREPROCESSOR_DEFINITIONS = (
					"DEBUG=1",
					"$(inherited)",
				);
				GCC_SYMBOLS_PRIVATE_EXTERN = NO;
				GCC_WARN_64_TO_32_BIT_CONVERSION = YES;
				GCC_WARN_ABOUT_RETURN_TYPE = YES_ERROR;
				GCC_WARN_UNDECLARED_SELECTOR = YES;
				GCC_WARN_UNINITIALIZED_AUTOS = YES_AGGRESSIVE;
				GCC_WARN_UNUSED_FUNCTION = YES;
				GCC_WARN_UNUSED_VARIABLE = YES;
				MACOSX_DEPLOYMENT_TARGET = 10.10;
				MTL_ENABLE_DEBUG_INFO = YES;
				ONLY_ACTIVE_ARCH = YES;
				SDKROOT = macosx;
			};
			name = Debug;
		};
		496DE0061B6AF57B00B88918 /* Release */ = {
			isa = XCBuildConfiguration;
			buildSettings = {
				ALWAYS_SEARCH_USER_PATHS = NO;
				CLANG_CXX_LANGUAGE_STANDARD = "gnu++0x";
				CLANG_CXX_LIBRARY = "libc++";
				CLANG_ENABLE_MODULES = YES;
				CLANG_ENABLE_OBJC_ARC = YES;
				CLANG_WARN_BOOL_CONVERSION = YES;
				CLANG_WARN_CONSTANT_CONVERSION = YES;
				CLANG_WARN_DIRECT_OBJC_ISA_USAGE = YES_ERROR;
				CLANG_WARN_EMPTY_BODY = YES;
				CLANG_WARN_ENUM_CONVERSION = YES;
				CLANG_WARN_INT_CONVERSION = YES;
				CLANG_WARN_OBJC_ROOT_CLASS = YES_ERROR;
				CLANG_WARN_UNREACHABLE_CODE = YES;
				CLANG_WARN__DUPLICATE_METHOD_MATCH = YES;
				COPY_PHASE_STRIP = NO;
				DEBUG_INFORMATION_FORMAT = "dwarf-with-dsym";
				ENABLE_NS_ASSERTIONS = NO;
				ENABLE_STRICT_OBJC_MSGSEND = YES;
				GCC_C_LANGUAGE_STANDARD = gnu99;
				GCC_NO_COMMON_BLOCKS = YES;
				GCC_WARN_64_TO_32_BIT_CONVERSION = YES;
				GCC_WARN_ABOUT_RETURN_TYPE = YES_ERROR;
				GCC_WARN_UNDECLARED_SELECTOR = YES;
				GCC_WARN_UNINITIALIZED_AUTOS = YES_AGGRESSIVE;
				GCC_WARN_UNUSED_FUNCTION = YES;
				GCC_WARN_UNUSED_VARIABLE = YES;
				MACOSX_DEPLOYMENT_TARGET = 10.10;
				MTL_ENABLE_DEBUG_INFO = NO;
				SDKROOT = macosx;
			};
			name = Release;
		};
		496DE0081B6AF57B00B88918 /* Debug */ = {
			isa = XCBuildConfiguration;
			buildSettings = {
				PRODUCT_NAME = "$(TARGET_NAME)";
			};
			name = Debug;
		};
		496DE0091B6AF57B00B88918 /* Release */ = {
			isa = XCBuildConfiguration;
			buildSettings = {
				PRODUCT_NAME = "$(TARGET_NAME)";
			};
			name = Release;
		};
/* End XCBuildConfiguration section */

/* Begin XCConfigurationList section */
		496DDFFB1B6AF57B00B88918 /* Build configuration list for PBXProject "mystyleshoppingsystem" */ = {
			isa = XCConfigurationList;
			buildConfigurations = (
				496DE0051B6AF57B00B88918 /* Debug */,
				496DE0061B6AF57B00B88918 /* Release */,
			);
			defaultConfigurationIsVisible = 0;
			defaultConfigurationName = Release;
		};
		496DE0071B6AF57B00B88918 /* Build configuration list for PBXNativeTarget "mystyleshoppingsystem" */ = {
			isa = XCConfigurationList;
			buildConfigurations = (
				496DE0081B6AF57B00B88918 /* Debug */,
				496DE0091B6AF57B00B88918 /* Release */,
			);
			defaultConfigurationIsVisible = 0;
		};
/* End XCConfigurationList section */
	};
	rootObject = 496DDFF81B6AF57B00B88918 /* Project object */;
}
